
Microsoft Visual Studio Solution File, Format Version 12.00
# Visual Studio Version 17
VisualStudioVersion = 17.0.31903.59
MinimumVisualStudioVersion = 10.0.40219.1
Project("{FAE04EC0-301F-11D3-BF4B-00C04F79EFBC}") = "Power2Method", "Power2Method\Power2Method.csproj", "{3C1F8C48-023E-4BBF-B142-1A438127F637}"
EndProject
Project("{FAE04EC0-301F-11D3-BF4B-00C04F79EFBC}") = "FamousQuotes", "FamousQuotes\FamousQuotes.csproj", "{52CB76A0-4B32-4358-83D3-4CA1E478CC81}"
EndProject
Global
	GlobalSection(SolutionConfigurationPlatforms) = preSolution
		Debug|Any CPU = Debug|Any CPU
		Release|Any CPU = Release|Any CPU
	EndGlobalSection
	GlobalSection(SolutionProperties) = preSolution
		HideSolutionNode = FALSE
	EndGlobalSection
	GlobalSection(ProjectConfigurationPlatforms) = postSolution
		{3C1F8C48-023E-4BBF-B142-1A438127F637}.Debug|Any CPU.ActiveCfg = Debug|Any CPU
		{3C1F8C48-023E-4BBF-B142-1A438127F637}.Debug|Any CPU.Build.0 = Debug|Any CPU
		{3C1F8C48-023E-4BBF-B142-1A438127F637}.Release|Any CPU.ActiveCfg = Release|Any CPU
		{3C1F8C48-023E-4BBF-B142-1A438127F637}.Release|Any CPU.Build.0 = Release|Any CPU
		{52CB76A0-4B32-4358-83D3-4CA1E478CC81}.Debug|Any CPU.ActiveCfg = Debug|Any CPU
		{52CB76A0-4B32-4358-83D3-4CA1E478CC81}.Debug|Any CPU.Build.0 = Debug|Any CPU
		{52CB76A0-4B32-4358-83D3-4CA1E478CC81}.Release|Any CPU.ActiveCfg = Release|Any CPU
		{52CB76A0-4B32-4358-83D3-4CA1E478CC81}.Release|Any CPU.Build.0 = Release|Any CPU
	EndGlobalSection
EndGlobal
